// !$*UTF8*$!
{
	archiveVersion = 1;
	classes = {
	};
	objectVersion = 56;
	objects = {

/* Begin PBXBuildFile section */
		F0138A812A96D4FD003FBAEB /* ChatService.swift in Sources */ = {isa = PBXBuildFile; fileRef = F0138A802A96D4FD003FBAEB /* ChatService.swift */; };
		F0138A842A96D5E7003FBAEB /* Constants.swift in Sources */ = {isa = PBXBuildFile; fileRef = F0138A832A96D5E7003FBAEB /* Constants.swift */; };
		F054DB182A92B1070058F1D7 /* User.swift in Sources */ = {isa = PBXBuildFile; fileRef = F054DB172A92B1070058F1D7 /* User.swift */; };
		F054DB1B2A92B3860058F1D7 /* CircularProfileImageView.swift in Sources */ = {isa = PBXBuildFile; fileRef = F054DB1A2A92B3860058F1D7 /* CircularProfileImageView.swift */; };
		F054DB202A92B7630058F1D7 /* ChatView.swift in Sources */ = {isa = PBXBuildFile; fileRef = F054DB1F2A92B7630058F1D7 /* ChatView.swift */; };
		F054DB222A92BABC0058F1D7 /* ChatMessageCell.swift in Sources */ = {isa = PBXBuildFile; fileRef = F054DB212A92BABC0058F1D7 /* ChatMessageCell.swift */; };
		F054DB242A92BD560058F1D7 /* ChatBubble.swift in Sources */ = {isa = PBXBuildFile; fileRef = F054DB232A92BD560058F1D7 /* ChatBubble.swift */; };
		F0594FAC2A916A4A008F38DF /* InboxView.swift in Sources */ = {isa = PBXBuildFile; fileRef = F0594FAB2A916A4A008F38DF /* InboxView.swift */; };
		F0594FB12A916B40008F38DF /* ActiveNowView.swift in Sources */ = {isa = PBXBuildFile; fileRef = F0594FB02A916B40008F38DF /* ActiveNowView.swift */; };
		F0594FB32A916CC1008F38DF /* InboxRowView.swift in Sources */ = {isa = PBXBuildFile; fileRef = F0594FB22A916CC1008F38DF /* InboxRowView.swift */; };
		F0628B6C2A9515130023E52B /* InboxViewModel.swift in Sources */ = {isa = PBXBuildFile; fileRef = F0628B6B2A9515130023E52B /* InboxViewModel.swift */; };
		F0628B702A951A240023E52B /* NewMessageViewModel.swift in Sources */ = {isa = PBXBuildFile; fileRef = F0628B6F2A951A240023E52B /* NewMessageViewModel.swift */; };
		F0628B722A95321F0023E52B /* Message.swift in Sources */ = {isa = PBXBuildFile; fileRef = F0628B712A95321F0023E52B /* Message.swift */; };
		F0628B742A9533680023E52B /* MessageService.swift in Sources */ = {isa = PBXBuildFile; fileRef = F0628B732A9533680023E52B /* MessageService.swift */; };
		F0628B762A9537020023E52B /* ChatViewModel.swift in Sources */ = {isa = PBXBuildFile; fileRef = F0628B752A9537020023E52B /* ChatViewModel.swift */; };
		F07927CB2A904D8300AE06CB /* MessengerApp.swift in Sources */ = {isa = PBXBuildFile; fileRef = F07927CA2A904D8300AE06CB /* MessengerApp.swift */; };
		F07927CD2A904D8300AE06CB /* ContentView.swift in Sources */ = {isa = PBXBuildFile; fileRef = F07927CC2A904D8300AE06CB /* ContentView.swift */; };
		F07927CF2A904D8400AE06CB /* Assets.xcassets in Resources */ = {isa = PBXBuildFile; fileRef = F07927CE2A904D8400AE06CB /* Assets.xcassets */; };
		F07927D22A904D8400AE06CB /* Preview Assets.xcassets in Resources */ = {isa = PBXBuildFile; fileRef = F07927D12A904D8400AE06CB /* Preview Assets.xcassets */; };
		F07927E12A904DD300AE06CB /* LoginView.swift in Sources */ = {isa = PBXBuildFile; fileRef = F07927E02A904DD300AE06CB /* LoginView.swift */; };
		F07927E32A9053E200AE06CB /* SignUpView.swift in Sources */ = {isa = PBXBuildFile; fileRef = F07927E22A9053E200AE06CB /* SignUpView.swift */; };
		F07927E62A90559800AE06CB /* MSTextFieldModifier.swift in Sources */ = {isa = PBXBuildFile; fileRef = F07927E52A90559800AE06CB /* MSTextFieldModifier.swift */; };
		F083267B2A93D8F1003A406B /* LoginViewModel.swift in Sources */ = {isa = PBXBuildFile; fileRef = F083267A2A93D8F1003A406B /* LoginViewModel.swift */; };
		F083267D2A93D8FD003A406B /* SignUpViewModel.swift in Sources */ = {isa = PBXBuildFile; fileRef = F083267C2A93D8FD003A406B /* SignUpViewModel.swift */; };
		F083267F2A93D92D003A406B /* AuthService.swift in Sources */ = {isa = PBXBuildFile; fileRef = F083267E2A93D92D003A406B /* AuthService.swift */; };
		F08326832A93DDFF003A406B /* ContentViewModel.swift in Sources */ = {isa = PBXBuildFile; fileRef = F08326822A93DDFF003A406B /* ContentViewModel.swift */; };
		F09601962A942C45001AC784 /* UserService.swift in Sources */ = {isa = PBXBuildFile; fileRef = F09601952A942C45001AC784 /* UserService.swift */; };
		F0B4A9312A930F9600A27114 /* GoogleService-Info.plist in Resources */ = {isa = PBXBuildFile; fileRef = F0B4A9302A930F9600A27114 /* GoogleService-Info.plist */; };
		F0B4A9342A93102F00A27114 /* FirebaseAuth in Frameworks */ = {isa = PBXBuildFile; productRef = F0B4A9332A93102F00A27114 /* FirebaseAuth */; };
		F0B4A9362A93102F00A27114 /* FirebaseFirestore in Frameworks */ = {isa = PBXBuildFile; productRef = F0B4A9352A93102F00A27114 /* FirebaseFirestore */; };
		F0B4A9382A93102F00A27114 /* FirebaseFirestoreSwift in Frameworks */ = {isa = PBXBuildFile; productRef = F0B4A9372A93102F00A27114 /* FirebaseFirestoreSwift */; };
		F0B4A93A2A93102F00A27114 /* FirebaseStorage in Frameworks */ = {isa = PBXBuildFile; productRef = F0B4A9392A93102F00A27114 /* FirebaseStorage */; };
		F0E7CFDC2A926C7200EEF770 /* NewMessageView.swift in Sources */ = {isa = PBXBuildFile; fileRef = F0E7CFDB2A926C7200EEF770 /* NewMessageView.swift */; };
		F0E7CFE12A92714500EEF770 /* ProfileView.swift in Sources */ = {isa = PBXBuildFile; fileRef = F0E7CFE02A92714500EEF770 /* ProfileView.swift */; };
		F0E7CFE32A9273F700EEF770 /* SettingsOptionViewModel.swift in Sources */ = {isa = PBXBuildFile; fileRef = F0E7CFE22A9273F700EEF770 /* SettingsOptionViewModel.swift */; };
		F0E7CFE52A92774000EEF770 /* ProfileViewModel.swift in Sources */ = {isa = PBXBuildFile; fileRef = F0E7CFE42A92774000EEF770 /* ProfileViewModel.swift */; };
/* End PBXBuildFile section */

/* Begin PBXFileReference section */
		F0138A802A96D4FD003FBAEB /* ChatService.swift */ = {isa = PBXFileReference; lastKnownFileType = sourcecode.swift; path = ChatService.swift; sourceTree = "<group>"; };
		F0138A832A96D5E7003FBAEB /* Constants.swift */ = {isa = PBXFileReference; lastKnownFileType = sourcecode.swift; path = Constants.swift; sourceTree = "<group>"; };
		F054DB172A92B1070058F1D7 /* User.swift */ = {isa = PBXFileReference; lastKnownFileType = sourcecode.swift; path = User.swift; sourceTree = "<group>"; };
		F054DB1A2A92B3860058F1D7 /* CircularProfileImageView.swift */ = {isa = PBXFileReference; lastKnownFileType = sourcecode.swift; path = CircularProfileImageView.swift; sourceTree = "<group>"; };
		F054DB1F2A92B7630058F1D7 /* ChatView.swift */ = {isa = PBXFileReference; lastKnownFileType = sourcecode.swift; path = ChatView.swift; sourceTree = "<group>"; };
		F054DB212A92BABC0058F1D7 /* ChatMessageCell.swift */ = {isa = PBXFileReference; lastKnownFileType = sourcecode.swift; path = ChatMessageCell.swift; sourceTree = "<group>"; };
		F054DB232A92BD560058F1D7 /* ChatBubble.swift */ = {isa = PBXFileReference; lastKnownFileType = sourcecode.swift; path = ChatBubble.swift; sourceTree = "<group>"; };
		F0594FAB2A916A4A008F38DF /* InboxView.swift */ = {isa = PBXFileReference; lastKnownFileType = sourcecode.swift; path = InboxView.swift; sourceTree = "<group>"; };
		F0594FB02A916B40008F38DF /* ActiveNowView.swift */ = {isa = PBXFileReference; lastKnownFileType = sourcecode.swift; path = ActiveNowView.swift; sourceTree = "<group>"; };
		F0594FB22A916CC1008F38DF /* InboxRowView.swift */ = {isa = PBXFileReference; lastKnownFileType = sourcecode.swift; path = InboxRowView.swift; sourceTree = "<group>"; };
		F0628B6B2A9515130023E52B /* InboxViewModel.swift */ = {isa = PBXFileReference; lastKnownFileType = sourcecode.swift; path = InboxViewModel.swift; sourceTree = SOURCE_ROOT; };
		F0628B6F2A951A240023E52B /* NewMessageViewModel.swift */ = {isa = PBXFileReference; lastKnownFileType = sourcecode.swift; path = NewMessageViewModel.swift; sourceTree = "<group>"; };
		F0628B712A95321F0023E52B /* Message.swift */ = {isa = PBXFileReference; lastKnownFileType = sourcecode.swift; path = Message.swift; sourceTree = "<group>"; };
		F0628B732A9533680023E52B /* MessageService.swift */ = {isa = PBXFileReference; lastKnownFileType = sourcecode.swift; path = MessageService.swift; sourceTree = "<group>"; };
		F0628B752A9537020023E52B /* ChatViewModel.swift */ = {isa = PBXFileReference; lastKnownFileType = sourcecode.swift; path = ChatViewModel.swift; sourceTree = "<group>"; };
		F07927C72A904D8300AE06CB /* Messenger.app */ = {isa = PBXFileReference; explicitFileType = wrapper.application; includeInIndex = 0; path = Messenger.app; sourceTree = BUILT_PRODUCTS_DIR; };
		F07927CA2A904D8300AE06CB /* MessengerApp.swift */ = {isa = PBXFileReference; lastKnownFileType = sourcecode.swift; path = MessengerApp.swift; sourceTree = "<group>"; };
		F07927CC2A904D8300AE06CB /* ContentView.swift */ = {isa = PBXFileReference; lastKnownFileType = sourcecode.swift; path = ContentView.swift; sourceTree = "<group>"; };
		F07927CE2A904D8400AE06CB /* Assets.xcassets */ = {isa = PBXFileReference; lastKnownFileType = folder.assetcatalog; path = Assets.xcassets; sourceTree = "<group>"; };
		F07927D12A904D8400AE06CB /* Preview Assets.xcassets */ = {isa = PBXFileReference; lastKnownFileType = folder.assetcatalog; path = "Preview Assets.xcassets"; sourceTree = "<group>"; };
		F07927E02A904DD300AE06CB /* LoginView.swift */ = {isa = PBXFileReference; lastKnownFileType = sourcecode.swift; path = LoginView.swift; sourceTree = "<group>"; };
		F07927E22A9053E200AE06CB /* SignUpView.swift */ = {isa = PBXFileReference; lastKnownFileType = sourcecode.swift; path = SignUpView.swift; sourceTree = "<group>"; };
		F07927E52A90559800AE06CB /* MSTextFieldModifier.swift */ = {isa = PBXFileReference; lastKnownFileType = sourcecode.swift; path = MSTextFieldModifier.swift; sourceTree = "<group>"; };
		F083267A2A93D8F1003A406B /* LoginViewModel.swift */ = {isa = PBXFileReference; lastKnownFileType = sourcecode.swift; path = LoginViewModel.swift; sourceTree = "<group>"; };
		F083267C2A93D8FD003A406B /* SignUpViewModel.swift */ = {isa = PBXFileReference; lastKnownFileType = sourcecode.swift; path = SignUpViewModel.swift; sourceTree = "<group>"; };
		F083267E2A93D92D003A406B /* AuthService.swift */ = {isa = PBXFileReference; lastKnownFileType = sourcecode.swift; path = AuthService.swift; sourceTree = "<group>"; };
		F08326822A93DDFF003A406B /* ContentViewModel.swift */ = {isa = PBXFileReference; lastKnownFileType = sourcecode.swift; path = ContentViewModel.swift; sourceTree = "<group>"; };
		F09601952A942C45001AC784 /* UserService.swift */ = {isa = PBXFileReference; lastKnownFileType = sourcecode.swift; path = UserService.swift; sourceTree = "<group>"; };
		F0B4A9302A930F9600A27114 /* GoogleService-Info.plist */ = {isa = PBXFileReference; fileEncoding = 4; lastKnownFileType = text.plist.xml; path = "GoogleService-Info.plist"; sourceTree = "<group>"; };
		F0E7CFDB2A926C7200EEF770 /* NewMessageView.swift */ = {isa = PBXFileReference; lastKnownFileType = sourcecode.swift; path = NewMessageView.swift; sourceTree = "<group>"; };
		F0E7CFE02A92714500EEF770 /* ProfileView.swift */ = {isa = PBXFileReference; lastKnownFileType = sourcecode.swift; path = ProfileView.swift; sourceTree = "<group>"; };
		F0E7CFE22A9273F700EEF770 /* SettingsOptionViewModel.swift */ = {isa = PBXFileReference; lastKnownFileType = sourcecode.swift; path = SettingsOptionViewModel.swift; sourceTree = "<group>"; };
		F0E7CFE42A92774000EEF770 /* ProfileViewModel.swift */ = {isa = PBXFileReference; lastKnownFileType = sourcecode.swift; path = ProfileViewModel.swift; sourceTree = "<group>"; };
/* End PBXFileReference section */

/* Begin PBXFrameworksBuildPhase section */
		F07927C42A904D8300AE06CB /* Frameworks */ = {
			isa = PBXFrameworksBuildPhase;
			buildActionMask = 2147483647;
			files = (
				F0B4A9342A93102F00A27114 /* FirebaseAuth in Frameworks */,
				F0B4A93A2A93102F00A27114 /* FirebaseStorage in Frameworks */,
				F0B4A9362A93102F00A27114 /* FirebaseFirestore in Frameworks */,
				F0B4A9382A93102F00A27114 /* FirebaseFirestoreSwift in Frameworks */,
			);
			runOnlyForDeploymentPostprocessing = 0;
		};
/* End PBXFrameworksBuildPhase section */

/* Begin PBXGroup section */
		F0138A7F2A96D4EA003FBAEB /* Service */ = {
			isa = PBXGroup;
			children = (
				F0138A802A96D4FD003FBAEB /* ChatService.swift */,
			);
			path = Service;
			sourceTree = "<group>";
		};
		F0138A822A96D5DA003FBAEB /* Utils */ = {
			isa = PBXGroup;
			children = (
				F0138A832A96D5E7003FBAEB /* Constants.swift */,
			);
			path = Utils;
			sourceTree = "<group>";
		};
		F054DB192A92B3700058F1D7 /* Components */ = {
			isa = PBXGroup;
			children = (
				F054DB1A2A92B3860058F1D7 /* CircularProfileImageView.swift */,
			);
			path = Components;
			sourceTree = "<group>";
		};
		F054DB1C2A92B74E0058F1D7 /* Chat */ = {
			isa = PBXGroup;
			children = (
				F054DB1E2A92B75E0058F1D7 /* View */,
				F054DB1D2A92B7590058F1D7 /* ViewModel */,
				F0138A7F2A96D4EA003FBAEB /* Service */,
			);
			path = Chat;
			sourceTree = "<group>";
		};
		F054DB1D2A92B7590058F1D7 /* ViewModel */ = {
			isa = PBXGroup;
			children = (
				F0628B752A9537020023E52B /* ChatViewModel.swift */,
			);
			path = ViewModel;
			sourceTree = "<group>";
		};
		F054DB1E2A92B75E0058F1D7 /* View */ = {
			isa = PBXGroup;
			children = (
				F054DB1F2A92B7630058F1D7 /* ChatView.swift */,
				F054DB232A92BD560058F1D7 /* ChatBubble.swift */,
				F054DB212A92BABC0058F1D7 /* ChatMessageCell.swift */,
			);
			path = View;
			sourceTree = "<group>";
		};
		F0594FA82A916A2E008F38DF /* Inbox */ = {
			isa = PBXGroup;
			children = (
				F0594FAA2A916A42008F38DF /* View */,
				F0594FA92A916A3E008F38DF /* ViewModel */,
			);
			path = Inbox;
			sourceTree = "<group>";
		};
		F0594FA92A916A3E008F38DF /* ViewModel */ = {
			isa = PBXGroup;
			children = (
				F0628B6B2A9515130023E52B /* InboxViewModel.swift */,
			);
			name = ViewModel;
			path = Messenger/Core/Inbox/ViewModel;
			sourceTree = SOURCE_ROOT;
		};
		F0594FAA2A916A42008F38DF /* View */ = {
			isa = PBXGroup;
			children = (
				F0594FAB2A916A4A008F38DF /* InboxView.swift */,
				F0594FB22A916CC1008F38DF /* InboxRowView.swift */,
			);
			path = View;
			sourceTree = "<group>";
		};
		F0594FAD2A916B26008F38DF /* ActiveNow */ = {
			isa = PBXGroup;
			children = (
				F0594FAF2A916B34008F38DF /* View */,
				F0594FAE2A916B31008F38DF /* ViewModel */,
			);
			path = ActiveNow;
			sourceTree = "<group>";
		};
		F0594FAE2A916B31008F38DF /* ViewModel */ = {
			isa = PBXGroup;
			children = (
			);
			path = ViewModel;
			sourceTree = "<group>";
		};
		F0594FAF2A916B34008F38DF /* View */ = {
			isa = PBXGroup;
			children = (
				F0594FB02A916B40008F38DF /* ActiveNowView.swift */,
			);
			path = View;
			sourceTree = "<group>";
		};
		F0628B6D2A951A120023E52B /* ViewModel */ = {
			isa = PBXGroup;
			children = (
				F0628B6F2A951A240023E52B /* NewMessageViewModel.swift */,
			);
			path = ViewModel;
			sourceTree = "<group>";
		};
		F0628B6E2A951A150023E52B /* View */ = {
			isa = PBXGroup;
			children = (
				F0E7CFDB2A926C7200EEF770 /* NewMessageView.swift */,
			);
			path = View;
			sourceTree = "<group>";
		};
		F07927BE2A904D8300AE06CB = {
			isa = PBXGroup;
			children = (
				F07927C92A904D8300AE06CB /* Messenger */,
				F07927C82A904D8300AE06CB /* Products */,
			);
			sourceTree = "<group>";
		};
		F07927C82A904D8300AE06CB /* Products */ = {
			isa = PBXGroup;
			children = (
				F07927C72A904D8300AE06CB /* Messenger.app */,
			);
			name = Products;
			sourceTree = "<group>";
		};
		F07927C92A904D8300AE06CB /* Messenger */ = {
			isa = PBXGroup;
			children = (
				F07927D82A904D8700AE06CB /* App */,
				F07927DD2A904D8D00AE06CB /* Core */,
				F07927DC2A904D8C00AE06CB /* Extensions */,
				F07927DB2A904D8B00AE06CB /* Model */,
				F07927DA2A904D8B00AE06CB /* Services */,
				F0138A822A96D5DA003FBAEB /* Utils */,
				F0B4A9302A930F9600A27114 /* GoogleService-Info.plist */,
				F07927CE2A904D8400AE06CB /* Assets.xcassets */,
				F07927D02A904D8400AE06CB /* Preview Content */,
			);
			path = Messenger;
			sourceTree = "<group>";
		};
		F07927D02A904D8400AE06CB /* Preview Content */ = {
			isa = PBXGroup;
			children = (
				F07927D12A904D8400AE06CB /* Preview Assets.xcassets */,
			);
			path = "Preview Content";
			sourceTree = "<group>";
		};
		F07927D82A904D8700AE06CB /* App */ = {
			isa = PBXGroup;
			children = (
				F07927CA2A904D8300AE06CB /* MessengerApp.swift */,
			);
			path = App;
			sourceTree = "<group>";
		};
		F07927D92A904D8900AE06CB /* Authentication */ = {
			isa = PBXGroup;
			children = (
				F07927DF2A904DC800AE06CB /* View */,
				F08326782A93D8BC003A406B /* ViewModel */,
				F08326792A93D8C1003A406B /* Service */,
			);
			path = Authentication;
			sourceTree = "<group>";
		};
		F07927DA2A904D8B00AE06CB /* Services */ = {
			isa = PBXGroup;
			children = (
				F09601952A942C45001AC784 /* UserService.swift */,
				F0628B732A9533680023E52B /* MessageService.swift */,
			);
			path = Services;
			sourceTree = "<group>";
		};
		F07927DB2A904D8B00AE06CB /* Model */ = {
			isa = PBXGroup;
			children = (
				F054DB172A92B1070058F1D7 /* User.swift */,
				F0628B712A95321F0023E52B /* Message.swift */,
			);
			path = Model;
			sourceTree = "<group>";
		};
		F07927DC2A904D8C00AE06CB /* Extensions */ = {
			isa = PBXGroup;
			children = (
			);
			path = Extensions;
			sourceTree = "<group>";
		};
		F07927DD2A904D8D00AE06CB /* Core */ = {
			isa = PBXGroup;
			children = (
				F0594FAD2A916B26008F38DF /* ActiveNow */,
				F07927D92A904D8900AE06CB /* Authentication */,
				F054DB1C2A92B74E0058F1D7 /* Chat */,
				F054DB192A92B3700058F1D7 /* Components */,
				F0594FA82A916A2E008F38DF /* Inbox */,
				F07927E42A90557F00AE06CB /* Modifiers */,
				F0E7CFDA2A926C5E00EEF770 /* NewMessage */,
				F0E7CFDD2A92713200EEF770 /* Profile */,
				F07927DE2A904DB900AE06CB /* Root */,
			);
			path = Core;
			sourceTree = "<group>";
		};
		F07927DE2A904DB900AE06CB /* Root */ = {
			isa = PBXGroup;
			children = (
				F08326812A93DDF3003A406B /* View */,
				F08326802A93DDEF003A406B /* ViewModel */,
			);
			path = Root;
			sourceTree = "<group>";
		};
		F07927DF2A904DC800AE06CB /* View */ = {
			isa = PBXGroup;
			children = (
				F07927E02A904DD300AE06CB /* LoginView.swift */,
				F07927E22A9053E200AE06CB /* SignUpView.swift */,
			);
			path = View;
			sourceTree = "<group>";
		};
		F07927E42A90557F00AE06CB /* Modifiers */ = {
			isa = PBXGroup;
			children = (
				F07927E52A90559800AE06CB /* MSTextFieldModifier.swift */,
			);
			path = Modifiers;
			sourceTree = "<group>";
		};
		F08326782A93D8BC003A406B /* ViewModel */ = {
			isa = PBXGroup;
			children = (
				F083267A2A93D8F1003A406B /* LoginViewModel.swift */,
				F083267C2A93D8FD003A406B /* SignUpViewModel.swift */,
			);
			path = ViewModel;
			sourceTree = "<group>";
		};
		F08326792A93D8C1003A406B /* Service */ = {
			isa = PBXGroup;
			children = (
				F083267E2A93D92D003A406B /* AuthService.swift */,
			);
			path = Service;
			sourceTree = "<group>";
		};
		F08326802A93DDEF003A406B /* ViewModel */ = {
			isa = PBXGroup;
			children = (
				F08326822A93DDFF003A406B /* ContentViewModel.swift */,
			);
			path = ViewModel;
			sourceTree = "<group>";
		};
		F08326812A93DDF3003A406B /* View */ = {
			isa = PBXGroup;
			children = (
				F07927CC2A904D8300AE06CB /* ContentView.swift */,
			);
			path = View;
			sourceTree = "<group>";
		};
		F0E7CFDA2A926C5E00EEF770 /* NewMessage */ = {
			isa = PBXGroup;
			children = (
				F0628B6E2A951A150023E52B /* View */,
				F0628B6D2A951A120023E52B /* ViewModel */,
			);
			path = NewMessage;
			sourceTree = "<group>";
		};
		F0E7CFDD2A92713200EEF770 /* Profile */ = {
			isa = PBXGroup;
			children = (
				F0E7CFDF2A92713D00EEF770 /* View */,
				F0E7CFDE2A92713900EEF770 /* ViewModel */,
			);
			path = Profile;
			sourceTree = "<group>";
		};
		F0E7CFDE2A92713900EEF770 /* ViewModel */ = {
			isa = PBXGroup;
			children = (
				F0E7CFE22A9273F700EEF770 /* SettingsOptionViewModel.swift */,
				F0E7CFE42A92774000EEF770 /* ProfileViewModel.swift */,
			);
			path = ViewModel;
			sourceTree = "<group>";
		};
		F0E7CFDF2A92713D00EEF770 /* View */ = {
			isa = PBXGroup;
			children = (
				F0E7CFE02A92714500EEF770 /* ProfileView.swift */,
			);
			path = View;
			sourceTree = "<group>";
		};
/* End PBXGroup section */

/* Begin PBXNativeTarget section */
		F07927C62A904D8300AE06CB /* Messenger */ = {
			isa = PBXNativeTarget;
			buildConfigurationList = F07927D52A904D8400AE06CB /* Build configuration list for PBXNativeTarget "Messenger" */;
			buildPhases = (
				F07927C32A904D8300AE06CB /* Sources */,
				F07927C42A904D8300AE06CB /* Frameworks */,
				F07927C52A904D8300AE06CB /* Resources */,
			);
			buildRules = (
			);
			dependencies = (
			);
			name = Messenger;
			packageProductDependencies = (
				F0B4A9332A93102F00A27114 /* FirebaseAuth */,
				F0B4A9352A93102F00A27114 /* FirebaseFirestore */,
				F0B4A9372A93102F00A27114 /* FirebaseFirestoreSwift */,
				F0B4A9392A93102F00A27114 /* FirebaseStorage */,
			);
			productName = Messenger;
			productReference = F07927C72A904D8300AE06CB /* Messenger.app */;
			productType = "com.apple.product-type.application";
		};
/* End PBXNativeTarget section */

/* Begin PBXProject section */
		F07927BF2A904D8300AE06CB /* Project object */ = {
			isa = PBXProject;
			attributes = {
				BuildIndependentTargetsInParallel = 1;
				LastSwiftUpdateCheck = 1430;
				LastUpgradeCheck = 1430;
				TargetAttributes = {
					F07927C62A904D8300AE06CB = {
						CreatedOnToolsVersion = 14.3;
					};
				};
			};
			buildConfigurationList = F07927C22A904D8300AE06CB /* Build configuration list for PBXProject "Messenger" */;
			compatibilityVersion = "Xcode 14.0";
			developmentRegion = en;
			hasScannedForEncodings = 0;
			knownRegions = (
				en,
				Base,
			);
			mainGroup = F07927BE2A904D8300AE06CB;
			packageReferences = (
				F0B4A9322A93102F00A27114 /* XCRemoteSwiftPackageReference "firebase-ios-sdk" */,
			);
			productRefGroup = F07927C82A904D8300AE06CB /* Products */;
			projectDirPath = "";
			projectRoot = "";
			targets = (
				F07927C62A904D8300AE06CB /* Messenger */,
			);
		};
/* End PBXProject section */

/* Begin PBXResourcesBuildPhase section */
		F07927C52A904D8300AE06CB /* Resources */ = {
			isa = PBXResourcesBuildPhase;
			buildActionMask = 2147483647;
			files = (
				F07927D22A904D8400AE06CB /* Preview Assets.xcassets in Resources */,
				F07927CF2A904D8400AE06CB /* Assets.xcassets in Resources */,
				F0B4A9312A930F9600A27114 /* GoogleService-Info.plist in Resources */,
			);
			runOnlyForDeploymentPostprocessing = 0;
		};
/* End PBXResourcesBuildPhase section */

/* Begin PBXSourcesBuildPhase section */
		F07927C32A904D8300AE06CB /* Sources */ = {
			isa = PBXSourcesBuildPhase;
			buildActionMask = 2147483647;
			files = (
				F054DB182A92B1070058F1D7 /* User.swift in Sources */,
				F0628B742A9533680023E52B /* MessageService.swift in Sources */,
				F0E7CFE32A9273F700EEF770 /* SettingsOptionViewModel.swift in Sources */,
				F054DB242A92BD560058F1D7 /* ChatBubble.swift in Sources */,
				F0E7CFDC2A926C7200EEF770 /* NewMessageView.swift in Sources */,
				F0138A842A96D5E7003FBAEB /* Constants.swift in Sources */,
				F0594FB32A916CC1008F38DF /* InboxRowView.swift in Sources */,
				F083267D2A93D8FD003A406B /* SignUpViewModel.swift in Sources */,
				F0628B762A9537020023E52B /* ChatViewModel.swift in Sources */,
				F09601962A942C45001AC784 /* UserService.swift in Sources */,
				F0138A812A96D4FD003FBAEB /* ChatService.swift in Sources */,
				F0628B722A95321F0023E52B /* Message.swift in Sources */,
				F0E7CFE12A92714500EEF770 /* ProfileView.swift in Sources */,
				F083267F2A93D92D003A406B /* AuthService.swift in Sources */,
				F054DB222A92BABC0058F1D7 /* ChatMessageCell.swift in Sources */,
				F07927E32A9053E200AE06CB /* SignUpView.swift in Sources */,
				F083267B2A93D8F1003A406B /* LoginViewModel.swift in Sources */,
				F0594FB12A916B40008F38DF /* ActiveNowView.swift in Sources */,
				F054DB202A92B7630058F1D7 /* ChatView.swift in Sources */,
				F0628B6C2A9515130023E52B /* InboxViewModel.swift in Sources */,
				F0628B702A951A240023E52B /* NewMessageViewModel.swift in Sources */,
				F054DB1B2A92B3860058F1D7 /* CircularProfileImageView.swift in Sources */,
				F0E7CFE52A92774000EEF770 /* ProfileViewModel.swift in Sources */,
				F0594FAC2A916A4A008F38DF /* InboxView.swift in Sources */,
				F07927E12A904DD300AE06CB /* LoginView.swift in Sources */,
				F08326832A93DDFF003A406B /* ContentViewModel.swift in Sources */,
				F07927CD2A904D8300AE06CB /* ContentView.swift in Sources */,
				F07927E62A90559800AE06CB /* MSTextFieldModifier.swift in Sources */,
				F07927CB2A904D8300AE06CB /* MessengerApp.swift in Sources */,
			);
			runOnlyForDeploymentPostprocessing = 0;
		};
/* End PBXSourcesBuildPhase section */

/* Begin XCBuildConfiguration section */
		F07927D32A904D8400AE06CB /* Debug */ = {
			isa = XCBuildConfiguration;
			buildSettings = {
				ALWAYS_SEARCH_USER_PATHS = NO;
				CLANG_ANALYZER_NONNULL = YES;
				CLANG_ANALYZER_NUMBER_OBJECT_CONVERSION = YES_AGGRESSIVE;
				CLANG_CXX_LANGUAGE_STANDARD = "gnu++20";
				CLANG_ENABLE_MODULES = YES;
				CLANG_ENABLE_OBJC_ARC = YES;
				CLANG_ENABLE_OBJC_WEAK = YES;
				CLANG_WARN_BLOCK_CAPTURE_AUTORELEASING = YES;
				CLANG_WARN_BOOL_CONVERSION = YES;
				CLANG_WARN_COMMA = YES;
				CLANG_WARN_CONSTANT_CONVERSION = YES;
				CLANG_WARN_DEPRECATED_OBJC_IMPLEMENTATIONS = YES;
				CLANG_WARN_DIRECT_OBJC_ISA_USAGE = YES_ERROR;
				CLANG_WARN_DOCUMENTATION_COMMENTS = YES;
				CLANG_WARN_EMPTY_BODY = YES;
				CLANG_WARN_ENUM_CONVERSION = YES;
				CLANG_WARN_INFINITE_RECURSION = YES;
				CLANG_WARN_INT_CONVERSION = YES;
				CLANG_WARN_NON_LITERAL_NULL_CONVERSION = YES;
				CLANG_WARN_OBJC_IMPLICIT_RETAIN_SELF = YES;
				CLANG_WARN_OBJC_LITERAL_CONVERSION = YES;
				CLANG_WARN_OBJC_ROOT_CLASS = YES_ERROR;
				CLANG_WARN_QUOTED_INCLUDE_IN_FRAMEWORK_HEADER = YES;
				CLANG_WARN_RANGE_LOOP_ANALYSIS = YES;
				CLANG_WARN_STRICT_PROTOTYPES = YES;
				CLANG_WARN_SUSPICIOUS_MOVE = YES;
				CLANG_WARN_UNGUARDED_AVAILABILITY = YES_AGGRESSIVE;
				CLANG_WARN_UNREACHABLE_CODE = YES;
				CLANG_WARN__DUPLICATE_METHOD_MATCH = YES;
				COPY_PHASE_STRIP = NO;
				DEBUG_INFORMATION_FORMAT = dwarf;
				ENABLE_STRICT_OBJC_MSGSEND = YES;
				ENABLE_TESTABILITY = YES;
				GCC_C_LANGUAGE_STANDARD = gnu11;
				GCC_DYNAMIC_NO_PIC = NO;
				GCC_NO_COMMON_BLOCKS = YES;
				GCC_OPTIMIZATION_LEVEL = 0;
				GCC_PREPROCESSOR_DEFINITIONS = (
					"DEBUG=1",
					"$(inherited)",
				);
				GCC_WARN_64_TO_32_BIT_CONVERSION = YES;
				GCC_WARN_ABOUT_RETURN_TYPE = YES_ERROR;
				GCC_WARN_UNDECLARED_SELECTOR = YES;
				GCC_WARN_UNINITIALIZED_AUTOS = YES_AGGRESSIVE;
				GCC_WARN_UNUSED_FUNCTION = YES;
				GCC_WARN_UNUSED_VARIABLE = YES;
				IPHONEOS_DEPLOYMENT_TARGET = 16.4;
				MTL_ENABLE_DEBUG_INFO = INCLUDE_SOURCE;
				MTL_FAST_MATH = YES;
				ONLY_ACTIVE_ARCH = YES;
				SDKROOT = iphoneos;
				SWIFT_ACTIVE_COMPILATION_CONDITIONS = DEBUG;
				SWIFT_OPTIMIZATION_LEVEL = "-Onone";
			};
			name = Debug;
		};
		F07927D42A904D8400AE06CB /* Release */ = {
			isa = XCBuildConfiguration;
			buildSettings = {
				ALWAYS_SEARCH_USER_PATHS = NO;
				CLANG_ANALYZER_NONNULL = YES;
				CLANG_ANALYZER_NUMBER_OBJECT_CONVERSION = YES_AGGRESSIVE;
				CLANG_CXX_LANGUAGE_STANDARD = "gnu++20";
				CLANG_ENABLE_MODULES = YES;
				CLANG_ENABLE_OBJC_ARC = YES;
				CLANG_ENABLE_OBJC_WEAK = YES;
				CLANG_WARN_BLOCK_CAPTURE_AUTORELEASING = YES;
				CLANG_WARN_BOOL_CONVERSION = YES;
				CLANG_WARN_COMMA = YES;
				CLANG_WARN_CONSTANT_CONVERSION = YES;
				CLANG_WARN_DEPRECATED_OBJC_IMPLEMENTATIONS = YES;
				CLANG_WARN_DIRECT_OBJC_ISA_USAGE = YES_ERROR;
				CLANG_WARN_DOCUMENTATION_COMMENTS = YES;
				CLANG_WARN_EMPTY_BODY = YES;
				CLANG_WARN_ENUM_CONVERSION = YES;
				CLANG_WARN_INFINITE_RECURSION = YES;
				CLANG_WARN_INT_CONVERSION = YES;
				CLANG_WARN_NON_LITERAL_NULL_CONVERSION = YES;
				CLANG_WARN_OBJC_IMPLICIT_RETAIN_SELF = YES;
				CLANG_WARN_OBJC_LITERAL_CONVERSION = YES;
				CLANG_WARN_OBJC_ROOT_CLASS = YES_ERROR;
				CLANG_WARN_QUOTED_INCLUDE_IN_FRAMEWORK_HEADER = YES;
				CLANG_WARN_RANGE_LOOP_ANALYSIS = YES;
				CLANG_WARN_STRICT_PROTOTYPES = YES;
				CLANG_WARN_SUSPICIOUS_MOVE = YES;
				CLANG_WARN_UNGUARDED_AVAILABILITY = YES_AGGRESSIVE;
				CLANG_WARN_UNREACHABLE_CODE = YES;
				CLANG_WARN__DUPLICATE_METHOD_MATCH = YES;
				COPY_PHASE_STRIP = NO;
				DEBUG_INFORMATION_FORMAT = "dwarf-with-dsym";
				ENABLE_NS_ASSERTIONS = NO;
				ENABLE_STRICT_OBJC_MSGSEND = YES;
				GCC_C_LANGUAGE_STANDARD = gnu11;
				GCC_NO_COMMON_BLOCKS = YES;
				GCC_WARN_64_TO_32_BIT_CONVERSION = YES;
				GCC_WARN_ABOUT_RETURN_TYPE = YES_ERROR;
				GCC_WARN_UNDECLARED_SELECTOR = YES;
				GCC_WARN_UNINITIALIZED_AUTOS = YES_AGGRESSIVE;
				GCC_WARN_UNUSED_FUNCTION = YES;
				GCC_WARN_UNUSED_VARIABLE = YES;
				IPHONEOS_DEPLOYMENT_TARGET = 16.4;
				MTL_ENABLE_DEBUG_INFO = NO;
				MTL_FAST_MATH = YES;
				SDKROOT = iphoneos;
				SWIFT_COMPILATION_MODE = wholemodule;
				SWIFT_OPTIMIZATION_LEVEL = "-O";
				VALIDATE_PRODUCT = YES;
			};
			name = Release;
		};
		F07927D62A904D8400AE06CB /* Debug */ = {
			isa = XCBuildConfiguration;
			buildSettings = {
				ASSETCATALOG_COMPILER_APPICON_NAME = AppIcon;
				ASSETCATALOG_COMPILER_GLOBAL_ACCENT_COLOR_NAME = AccentColor;
				CODE_SIGN_STYLE = Automatic;
				CURRENT_PROJECT_VERSION = 1;
				DEVELOPMENT_ASSET_PATHS = "\"Messenger/Preview Content\"";
				DEVELOPMENT_TEAM = 4Y3SF6KR8W;
				ENABLE_PREVIEWS = YES;
				GENERATE_INFOPLIST_FILE = YES;
				INFOPLIST_KEY_UIApplicationSceneManifest_Generation = YES;
				INFOPLIST_KEY_UIApplicationSupportsIndirectInputEvents = YES;
				INFOPLIST_KEY_UILaunchScreen_Generation = YES;
				INFOPLIST_KEY_UISupportedInterfaceOrientations_iPad = "UIInterfaceOrientationPortrait UIInterfaceOrientationPortraitUpsideDown UIInterfaceOrientationLandscapeLeft UIInterfaceOrientationLandscapeRight";
				INFOPLIST_KEY_UISupportedInterfaceOrientations_iPhone = "UIInterfaceOrientationPortrait UIInterfaceOrientationLandscapeLeft UIInterfaceOrientationLandscapeRight";
				LD_RUNPATH_SEARCH_PATHS = (
					"$(inherited)",
					"@executable_path/Frameworks",
				);
				MARKETING_VERSION = 1.0;
				PRODUCT_BUNDLE_IDENTIFIER = com.vergaraaa.Messenger;
				PRODUCT_NAME = "$(TARGET_NAME)";
				SWIFT_EMIT_LOC_STRINGS = YES;
				SWIFT_VERSION = 5.0;
				TARGETED_DEVICE_FAMILY = "1,2";
			};
			name = Debug;
		};
		F07927D72A904D8400AE06CB /* Release */ = {
			isa = XCBuildConfiguration;
			buildSettings = {
				ASSETCATALOG_COMPILER_APPICON_NAME = AppIcon;
				ASSETCATALOG_COMPILER_GLOBAL_ACCENT_COLOR_NAME = AccentColor;
				CODE_SIGN_STYLE = Automatic;
				CURRENT_PROJECT_VERSION = 1;
				DEVELOPMENT_ASSET_PATHS = "\"Messenger/Preview Content\"";
				DEVELOPMENT_TEAM = 4Y3SF6KR8W;
				ENABLE_PREVIEWS = YES;
				GENERATE_INFOPLIST_FILE = YES;
				INFOPLIST_KEY_UIApplicationSceneManifest_Generation = YES;
				INFOPLIST_KEY_UIApplicationSupportsIndirectInputEvents = YES;
				INFOPLIST_KEY_UILaunchScreen_Generation = YES;
				INFOPLIST_KEY_UISupportedInterfaceOrientations_iPad = "UIInterfaceOrientationPortrait UIInterfaceOrientationPortraitUpsideDown UIInterfaceOrientationLandscapeLeft UIInterfaceOrientationLandscapeRight";
				INFOPLIST_KEY_UISupportedInterfaceOrientations_iPhone = "UIInterfaceOrientationPortrait UIInterfaceOrientationLandscapeLeft UIInterfaceOrientationLandscapeRight";
				LD_RUNPATH_SEARCH_PATHS = (
					"$(inherited)",
					"@executable_path/Frameworks",
				);
				MARKETING_VERSION = 1.0;
				PRODUCT_BUNDLE_IDENTIFIER = com.vergaraaa.Messenger;
				PRODUCT_NAME = "$(TARGET_NAME)";
				SWIFT_EMIT_LOC_STRINGS = YES;
				SWIFT_VERSION = 5.0;
				TARGETED_DEVICE_FAMILY = "1,2";
			};
			name = Release;
		};
/* End XCBuildConfiguration section */

/* Begin XCConfigurationList section */
		F07927C22A904D8300AE06CB /* Build configuration list for PBXProject "Messenger" */ = {
			isa = XCConfigurationList;
			buildConfigurations = (
				F07927D32A904D8400AE06CB /* Debug */,
				F07927D42A904D8400AE06CB /* Release */,
			);
			defaultConfigurationIsVisible = 0;
			defaultConfigurationName = Release;
		};
		F07927D52A904D8400AE06CB /* Build configuration list for PBXNativeTarget "Messenger" */ = {
			isa = XCConfigurationList;
			buildConfigurations = (
				F07927D62A904D8400AE06CB /* Debug */,
				F07927D72A904D8400AE06CB /* Release */,
			);
			defaultConfigurationIsVisible = 0;
			defaultConfigurationName = Release;
		};
/* End XCConfigurationList section */

/* Begin XCRemoteSwiftPackageReference section */
		F0B4A9322A93102F00A27114 /* XCRemoteSwiftPackageReference "firebase-ios-sdk" */ = {
			isa = XCRemoteSwiftPackageReference;
			repositoryURL = "https://github.com/firebase/firebase-ios-sdk";
			requirement = {
				kind = upToNextMajorVersion;
				minimumVersion = 10.0.0;
			};
		};
/* End XCRemoteSwiftPackageReference section */

/* Begin XCSwiftPackageProductDependency section */
		F0B4A9332A93102F00A27114 /* FirebaseAuth */ = {
			isa = XCSwiftPackageProductDependency;
			package = F0B4A9322A93102F00A27114 /* XCRemoteSwiftPackageReference "firebase-ios-sdk" */;
			productName = FirebaseAuth;
		};
		F0B4A9352A93102F00A27114 /* FirebaseFirestore */ = {
			isa = XCSwiftPackageProductDependency;
			package = F0B4A9322A93102F00A27114 /* XCRemoteSwiftPackageReference "firebase-ios-sdk" */;
			productName = FirebaseFirestore;
		};
		F0B4A9372A93102F00A27114 /* FirebaseFirestoreSwift */ = {
			isa = XCSwiftPackageProductDependency;
			package = F0B4A9322A93102F00A27114 /* XCRemoteSwiftPackageReference "firebase-ios-sdk" */;
			productName = FirebaseFirestoreSwift;
		};
		F0B4A9392A93102F00A27114 /* FirebaseStorage */ = {
			isa = XCSwiftPackageProductDependency;
			package = F0B4A9322A93102F00A27114 /* XCRemoteSwiftPackageReference "firebase-ios-sdk" */;
			productName = FirebaseStorage;
		};
/* End XCSwiftPackageProductDependency section */
	};
	rootObject = F07927BF2A904D8300AE06CB /* Project object */;
}
